
Microsoft Visual Studio Solution File, Format Version 12.00
# Visual Studio Version 16
VisualStudioVersion = 16.0.30225.117
MinimumVisualStudioVersion = 10.0.40219.1
Project("{FAE04EC0-301F-11D3-BF4B-00C04F79EFBC}") = "WindowsFormsApp1", "WindowsFormsApp1\WindowsFormsApp1.csproj", "{11706EF5-4104-46E2-8769-55E47BCF1DCD}"
EndProject
Global
	GlobalSection(SolutionConfigurationPlatforms) = preSolution
		Debug|Any CPU = Debug|Any CPU
		Release|Any CPU = Release|Any CPU
	EndGlobalSection
	GlobalSection(ProjectConfigurationPlatforms) = postSolution
		{11706EF5-4104-46E2-8769-55E47BCF1DCD}.Debug|Any CPU.ActiveCfg = Debug|Any CPU
		{11706EF5-4104-46E2-8769-55E47BCF1DCD}.Debug|Any CPU.Build.0 = Debug|Any CPU
		{11706EF5-4104-46E2-8769-55E47BCF1DCD}.Release|Any CPU.ActiveCfg = Release|Any CPU
		{11706EF5-4104-46E2-8769-55E47BCF1DCD}.Release|Any CPU.Build.0 = Release|Any CPU
	EndGlobalSection
	GlobalSection(SolutionProperties) = preSolution
		HideSolutionNode = FALSE
	EndGlobalSection
	GlobalSection(ExtensibilityGlobals) = postSolution
		SolutionGuid = {2312A0E3-7E8C-4EFD-A174-EFC4B1D8D983}
	EndGlobalSection
EndGlobal
